
Microsoft Visual Studio Solution File, Format Version 12.00
# Visual Studio 15
VisualStudioVersion = 15.0.28307.645
MinimumVisualStudioVersion = 10.0.40219.1
Project("{888888A0-9F3D-457C-B088-3A5042F75D52}") = "ListsDemo", "ListsDemo\ListsDemo.pyproj", "{C20467BF-6821-4C45-A026-D9C80AA051DC}"
EndProject
Global
	GlobalSection(SolutionConfigurationPlatforms) = preSolution
		Debug|Any CPU = Debug|Any CPU
		Release|Any CPU = Release|Any CPU
	EndGlobalSection
	GlobalSection(ProjectConfigurationPlatforms) = postSolution
		{C20467BF-6821-4C45-A026-D9C80AA051DC}.Debug|Any CPU.ActiveCfg = Debug|Any CPU
		{C20467BF-6821-4C45-A026-D9C80AA051DC}.Release|Any CPU.ActiveCfg = Release|Any CPU
	EndGlobalSection
	GlobalSection(SolutionProperties) = preSolution
		HideSolutionNode = FALSE
	EndGlobalSection
	GlobalSection(ExtensibilityGlobals) = postSolution
		SolutionGuid = {F5480199-08E2-454B-9778-FB601F101700}
	EndGlobalSection
EndGlobal
